
Microsoft Visual Studio Solution File, Format Version 12.00
# Visual Studio 15
VisualStudioVersion = 15.0.27130.2020
MinimumVisualStudioVersion = 10.0.40219.1
Project("{FAE04EC0-301F-11D3-BF4B-00C04F79EFBC}") = "DelegateExamples", "DelegateExamples\DelegateExamples.csproj", "{D55F2FD5-2A32-43DC-9F14-5D4C045DD080}"
EndProject
Global
	GlobalSection(SolutionConfigurationPlatforms) = preSolution
		Debug|Any CPU = Debug|Any CPU
		Release|Any CPU = Release|Any CPU
	EndGlobalSection
	GlobalSection(ProjectConfigurationPlatforms) = postSolution
		{D55F2FD5-2A32-43DC-9F14-5D4C045DD080}.Debug|Any CPU.ActiveCfg = Debug|Any CPU
		{D55F2FD5-2A32-43DC-9F14-5D4C045DD080}.Debug|Any CPU.Build.0 = Debug|Any CPU
		{D55F2FD5-2A32-43DC-9F14-5D4C045DD080}.Release|Any CPU.ActiveCfg = Release|Any CPU
		{D55F2FD5-2A32-43DC-9F14-5D4C045DD080}.Release|Any CPU.Build.0 = Release|Any CPU
	EndGlobalSection
	GlobalSection(SolutionProperties) = preSolution
		HideSolutionNode = FALSE
	EndGlobalSection
	GlobalSection(ExtensibilityGlobals) = postSolution
		SolutionGuid = {C15A2117-9863-4FE9-95DA-B03B008A44E4}
	EndGlobalSection
EndGlobal
